{
  "projects": [
    {
      "projectId": "ohDidvG9XsCeFumugENU3J",
      "version": "6.24.0",
      "dependencies": {},
      "lang": "js",
      "fileLocks": [
        {
          "assetId": "ohDidvG9XsCeFumugENU3J",
          "type": "projectCss",
          "checksum": "fd83b730367fdbde2c69bc6cf31c2a3c"
        },
        {
          "assetId": "ohDidvG9XsCeFumugENU3J",
          "checksum": "de0a0e65174a6a185a8f822af51c6bdd",
          "type": "globalContexts"
        }
      ],
      "codegenVersion": "0.0.1"
    },
    {
      "projectId": "enk3K4vZ6pmH6kVCoZJXGn",
      "version": "4.23.0",
      "dependencies": {},
      "lang": "js",
      "fileLocks": [
        {
          "assetId": "enk3K4vZ6pmH6kVCoZJXGn",
          "type": "projectCss",
          "checksum": "46129a8140f7bf604dec903e19777f53"
        }
      ],
      "codegenVersion": "0.0.1"
    },
    {
      "projectId": "58GpZjZCWTaJ8AUhpCwt2K",
      "version": "3.25.0",
      "dependencies": {},
      "lang": "js",
      "fileLocks": [
        {
          "assetId": "58GpZjZCWTaJ8AUhpCwt2K",
          "type": "projectCss",
          "checksum": "fd84921cc10936e6ceb458c2ae01c4bd"
        }
      ],
      "codegenVersion": "0.0.1"
    },
    {
      "projectId": "5dGW8Awro3qq8Hh5MveXLP",
      "version": "1.24.0",
      "dependencies": {},
      "lang": "js",
      "fileLocks": [
        {
          "assetId": "5dGW8Awro3qq8Hh5MveXLP",
          "type": "projectCss",
          "checksum": "208e7308eefeffa5d03c833e22ab6f90"
        }
      ],
      "codegenVersion": "0.0.1"
    },
    {
      "projectId": "7nJ7UcFmq9UzB6eXfC5z4a",
      "version": "0.28.0",
      "dependencies": {},
      "lang": "js",
      "fileLocks": [
        {
          "assetId": "7nJ7UcFmq9UzB6eXfC5z4a",
          "type": "projectCss",
          "checksum": "05587b57f22f0ec8bb54543deb39762e"
        }
      ],
      "codegenVersion": "0.0.1"
    },
    {
      "projectId": "aVP2apPsGdtbbE3Ko35BuK",
      "version": "latest",
      "dependencies": {
        "7nJ7UcFmq9UzB6eXfC5z4a": "0.28.0",
        "5dGW8Awro3qq8Hh5MveXLP": "1.24.0",
        "58GpZjZCWTaJ8AUhpCwt2K": "3.25.0",
        "enk3K4vZ6pmH6kVCoZJXGn": "4.23.0",
        "ohDidvG9XsCeFumugENU3J": "6.24.0"
      },
      "lang": "js",
      "fileLocks": [
        {
          "type": "globalVariant",
          "assetId": "7w0mW2O8Buaj",
          "checksum": "304338b93fcbbbb89be8c3e0cba137f9"
        },
        {
          "assetId": "aVP2apPsGdtbbE3Ko35BuK",
          "type": "projectCss",
          "checksum": "3cb9681f1535a47edd7c701b56658194"
        },
        {
          "assetId": "aVP2apPsGdtbbE3Ko35BuK",
          "checksum": "6bbb63d38ebbbe9462932c73669be3b0",
          "type": "globalContexts"
        },
        {
          "type": "renderModule",
          "assetId": "uXMBtAeR9dk2",
          "checksum": "997a1a116455f370c26b71d11042244f"
        },
        {
          "type": "cssRules",
          "assetId": "uXMBtAeR9dk2",
          "checksum": "997a1a116455f370c26b71d11042244f"
        },
        {
          "type": "renderModule",
          "assetId": "YBx1WeoUKwxp",
          "checksum": "3969dfd2e1d171234aa0590835ee4d5e"
        },
        {
          "type": "cssRules",
          "assetId": "YBx1WeoUKwxp",
          "checksum": "3969dfd2e1d171234aa0590835ee4d5e"
        },
        {
          "type": "renderModule",
          "assetId": "PvecFb5b5bZM",
          "checksum": "046454fff6a62c28cad324d2c7ea0fd6"
        },
        {
          "type": "cssRules",
          "assetId": "PvecFb5b5bZM",
          "checksum": "046454fff6a62c28cad324d2c7ea0fd6"
        },
        {
          "type": "renderModule",
          "assetId": "bbzfZjS_ePlb",
          "checksum": "85a303cf5908b25ee7b8cde8a9182c3c"
        },
        {
          "type": "cssRules",
          "assetId": "bbzfZjS_ePlb",
          "checksum": "85a303cf5908b25ee7b8cde8a9182c3c"
        },
        {
          "type": "icon",
          "assetId": "hc3fA-aXz2bY",
          "checksum": "03d9d1f4104068dbef52269cd12c2f9d"
        },
        {
          "type": "icon",
          "assetId": "cMl5BLNOgSQK",
          "checksum": "569f89601462913265b6f3d1aef0f77f"
        },
        {
          "type": "icon",
          "assetId": "U-TbsJ3u-xd9",
          "checksum": "de08e2faf42603b38871486640e953e6"
        },
        {
          "type": "icon",
          "assetId": "Q-Z5gJ03p2kR",
          "checksum": "1dc05dc5f496b6bab128d74752e49fd0"
        },
        {
          "type": "icon",
          "assetId": "JE5mYlbpxHx6",
          "checksum": "57a0826609e7b8d2760f80c13efc39f4"
        },
        {
          "type": "icon",
          "assetId": "OIbbtstXGVX1",
          "checksum": "6f7f0da49b3c81a7bebc22c3b7a15616"
        },
        {
          "type": "icon",
          "assetId": "iJlye_Nu5M3r",
          "checksum": "eb79998b156df58ed640b417b32c6141"
        },
        {
          "type": "icon",
          "assetId": "ny5ye-RGKpwz",
          "checksum": "85d74e26c2fbcecfd720f3b23152775e"
        },
        {
          "type": "icon",
          "assetId": "ek3sxV8ggPb-",
          "checksum": "18b64322b2ed2aba67162188c6ff5be3"
        },
        {
          "type": "icon",
          "assetId": "-ZNSd1uXgnpo",
          "checksum": "25667d5a76ac7abd047a5bcdf38c64b3"
        },
        {
          "type": "image",
          "assetId": "BOCrguenkHaC",
          "checksum": "e82bf51ed486d814b624e1b5234ee506"
        },
        {
          "type": "image",
          "assetId": "P9mwdGtGIV2L",
          "checksum": "0955e78b7b7c4f153b438748a8ee03a9"
        },
        {
          "type": "image",
          "assetId": "_ssp6e-AMgtF",
          "checksum": "85b3e1ac71a275bbdcce03e63279e2f0"
        },
        {
          "type": "image",
          "assetId": "JbVi75-qmYpN",
          "checksum": "d0a38135f8a51d30bbc588f266cae113"
        },
        {
          "type": "image",
          "assetId": "371KM_OjmwSI",
          "checksum": "ab22505fc9805ba03879c671d4b431c9"
        },
        {
          "type": "image",
          "assetId": "OEF_mPXHXWXk",
          "checksum": "1609da4780689708e59e36ef7e44234c"
        },
        {
          "type": "image",
          "assetId": "qIe6BL37Zn-0",
          "checksum": "a92db0ab7ca8b1fc61a9acf9d508b331"
        },
        {
          "type": "image",
          "assetId": "U3-JGOqSeKNl",
          "checksum": "465b972c1706b94b96c616bbbddf66dd"
        },
        {
          "type": "image",
          "assetId": "fG5_x3rno9N9",
          "checksum": "1cdb7e679c05589ccdbc898c042bedb5"
        },
        {
          "type": "image",
          "assetId": "Yze-AQkImfU3",
          "checksum": "ca0718364cf311b4d273742be88ef088"
        },
        {
          "type": "image",
          "assetId": "Vz4ONF8uVfTs",
          "checksum": "c99cac6a546048ac2ab1ae4f5b5804f5"
        },
        {
          "type": "image",
          "assetId": "pjkS-cdPQhLD",
          "checksum": "9d3d68d4805acf28c4a4d08158b4c42c"
        },
        {
          "type": "image",
          "assetId": "cHnNiq4OWAvT",
          "checksum": "3fb86c9f40efa85e84d6edcaa59e9afc"
        },
        {
          "type": "image",
          "assetId": "7wIKbt6fgJ09",
          "checksum": "d9799399796a6d087ce708b4d7d40a75"
        },
        {
          "type": "image",
          "assetId": "kfbPPbwL-m1z",
          "checksum": "2db8f6eda76bf6bafcafe5e51e2e21c0"
        },
        {
          "type": "image",
          "assetId": "GfUYrJQ9gbGc",
          "checksum": "cac9aa93ff7a3f9a54bf2fb6c67cc629"
        },
        {
          "type": "image",
          "assetId": "mBQnIfHptsou",
          "checksum": "94109bc7a608769a7e49a96a913550f4"
        },
        {
          "type": "image",
          "assetId": "NA3-NyvfTt63",
          "checksum": "e7b8f28e6d0ed7e60c2c17c34760f067"
        },
        {
          "type": "image",
          "assetId": "gjSx7RAsgRtt",
          "checksum": "8b9c7075776bb2d867fbacbe4fcf5550"
        },
        {
          "type": "image",
          "assetId": "_IxpdrAdfVHm",
          "checksum": "77c493cb8768a77dfaa4efaad27572fd"
        },
        {
          "type": "image",
          "assetId": "9Sayz-5f9Iwo",
          "checksum": "4ef13042035e6ad3d07216186bc97bf4"
        },
        {
          "type": "image",
          "assetId": "IMp1EY3Ng9VW",
          "checksum": "ca0a89270a05d60a98ec7fc74a1729bd"
        },
        {
          "type": "image",
          "assetId": "kxwIoJBmXLCV",
          "checksum": "a444309312084f9ba0e69ca136a462b6"
        },
        {
          "type": "image",
          "assetId": "8Rzt-dCPXMZ7",
          "checksum": "fe469480f9a791d3f3e83eb87bc48321"
        },
        {
          "type": "image",
          "assetId": "m1Ei4ycxPk9u",
          "checksum": "e2dfa1bf8238c43796062027d7eec2df"
        },
        {
          "type": "image",
          "assetId": "wjxd5qEpRUdm",
          "checksum": "763906e6336851db92d9449502c9d1b3"
        },
        {
          "type": "image",
          "assetId": "sSAXlc4nTGBa",
          "checksum": "62d68d624f2acd44af62ff99a95f7e6a"
        },
        {
          "type": "image",
          "assetId": "AgbqXb_zvEq6",
          "checksum": "9261770d0e06730c6858ce0f9a432e64"
        },
        {
          "type": "image",
          "assetId": "vvcNXGhhPZks",
          "checksum": "7af50d528c5482805b543e3d81e5a718"
        },
        {
          "type": "image",
          "assetId": "kQ4hWM63tJAT",
          "checksum": "dcdb4a35228d188b7129b584cc4d2d1d"
        }
      ],
      "codegenVersion": "0.0.1"
    }
  ],
  "cliVersion": "0.1.330"
}
